
Microsoft Visual Studio Solution File, Format Version 12.00
# Visual Studio Version 16
VisualStudioVersion = 16.0.30717.126
MinimumVisualStudioVersion = 15.0.26124.0
Project("{9A19103F-16F7-4668-BE54-9A1E7A4F7556}") = "PriceBookManagement", "PriceBookManagement\PriceBookManagement.csproj", "{DA1E91F6-0DAD-4A3D-8C7A-6F8B78A30D1C}"
EndProject
Project("{9A19103F-16F7-4668-BE54-9A1E7A4F7556}") = "UnitTests", "UnitTests\UnitTests.csproj", "{09F5F22D-A9A5-4E50-B293-8196481FD5C2}"
EndProject
Project("{9A19103F-16F7-4668-BE54-9A1E7A4F7556}") = "Benchmark", "Benchmark\Benchmark.csproj", "{4C5080A4-2C16-4845-9B2F-5178D6E44196}"
EndProject
Project("{2150E333-8FDC-42A3-9474-1A3956D46DE8}") = "Solution Items", "Solution Items", "{C3FDE588-C113-4CA8-9EF3-39ED9CA52E51}"
	ProjectSection(SolutionItems) = preProject
		readme.md = readme.md
	EndProjectSection
EndProject
Global
	GlobalSection(SolutionConfigurationPlatforms) = preSolution
		Debug|Any CPU = Debug|Any CPU
		Debug|x64 = Debug|x64
		Debug|x86 = Debug|x86
		Release|Any CPU = Release|Any CPU
		Release|x64 = Release|x64
		Release|x86 = Release|x86
	EndGlobalSection
	GlobalSection(ProjectConfigurationPlatforms) = postSolution
		{DA1E91F6-0DAD-4A3D-8C7A-6F8B78A30D1C}.Debug|Any CPU.ActiveCfg = Debug|Any CPU
		{DA1E91F6-0DAD-4A3D-8C7A-6F8B78A30D1C}.Debug|Any CPU.Build.0 = Debug|Any CPU
		{DA1E91F6-0DAD-4A3D-8C7A-6F8B78A30D1C}.Debug|x64.ActiveCfg = Debug|Any CPU
		{DA1E91F6-0DAD-4A3D-8C7A-6F8B78A30D1C}.Debug|x64.Build.0 = Debug|Any CPU
		{DA1E91F6-0DAD-4A3D-8C7A-6F8B78A30D1C}.Debug|x86.ActiveCfg = Debug|Any CPU
		{DA1E91F6-0DAD-4A3D-8C7A-6F8B78A30D1C}.Debug|x86.Build.0 = Debug|Any CPU
		{DA1E91F6-0DAD-4A3D-8C7A-6F8B78A30D1C}.Release|Any CPU.ActiveCfg = Release|Any CPU
		{DA1E91F6-0DAD-4A3D-8C7A-6F8B78A30D1C}.Release|Any CPU.Build.0 = Release|Any CPU
		{DA1E91F6-0DAD-4A3D-8C7A-6F8B78A30D1C}.Release|x64.ActiveCfg = Release|Any CPU
		{DA1E91F6-0DAD-4A3D-8C7A-6F8B78A30D1C}.Release|x64.Build.0 = Release|Any CPU
		{DA1E91F6-0DAD-4A3D-8C7A-6F8B78A30D1C}.Release|x86.ActiveCfg = Release|Any CPU
		{DA1E91F6-0DAD-4A3D-8C7A-6F8B78A30D1C}.Release|x86.Build.0 = Release|Any CPU
		{09F5F22D-A9A5-4E50-B293-8196481FD5C2}.Debug|Any CPU.ActiveCfg = Debug|Any CPU
		{09F5F22D-A9A5-4E50-B293-8196481FD5C2}.Debug|Any CPU.Build.0 = Debug|Any CPU
		{09F5F22D-A9A5-4E50-B293-8196481FD5C2}.Debug|x64.ActiveCfg = Debug|Any CPU
		{09F5F22D-A9A5-4E50-B293-8196481FD5C2}.Debug|x64.Build.0 = Debug|Any CPU
		{09F5F22D-A9A5-4E50-B293-8196481FD5C2}.Debug|x86.ActiveCfg = Debug|Any CPU
		{09F5F22D-A9A5-4E50-B293-8196481FD5C2}.Debug|x86.Build.0 = Debug|Any CPU
		{09F5F22D-A9A5-4E50-B293-8196481FD5C2}.Release|Any CPU.ActiveCfg = Release|Any CPU
		{09F5F22D-A9A5-4E50-B293-8196481FD5C2}.Release|Any CPU.Build.0 = Release|Any CPU
		{09F5F22D-A9A5-4E50-B293-8196481FD5C2}.Release|x64.ActiveCfg = Release|Any CPU
		{09F5F22D-A9A5-4E50-B293-8196481FD5C2}.Release|x64.Build.0 = Release|Any CPU
		{09F5F22D-A9A5-4E50-B293-8196481FD5C2}.Release|x86.ActiveCfg = Release|Any CPU
		{09F5F22D-A9A5-4E50-B293-8196481FD5C2}.Release|x86.Build.0 = Release|Any CPU
		{4C5080A4-2C16-4845-9B2F-5178D6E44196}.Debug|Any CPU.ActiveCfg = Debug|Any CPU
		{4C5080A4-2C16-4845-9B2F-5178D6E44196}.Debug|Any CPU.Build.0 = Debug|Any CPU
		{4C5080A4-2C16-4845-9B2F-5178D6E44196}.Debug|x64.ActiveCfg = Debug|Any CPU
		{4C5080A4-2C16-4845-9B2F-5178D6E44196}.Debug|x64.Build.0 = Debug|Any CPU
		{4C5080A4-2C16-4845-9B2F-5178D6E44196}.Debug|x86.ActiveCfg = Debug|Any CPU
		{4C5080A4-2C16-4845-9B2F-5178D6E44196}.Debug|x86.Build.0 = Debug|Any CPU
		{4C5080A4-2C16-4845-9B2F-5178D6E44196}.Release|Any CPU.ActiveCfg = Release|Any CPU
		{4C5080A4-2C16-4845-9B2F-5178D6E44196}.Release|Any CPU.Build.0 = Release|Any CPU
		{4C5080A4-2C16-4845-9B2F-5178D6E44196}.Release|x64.ActiveCfg = Release|Any CPU
		{4C5080A4-2C16-4845-9B2F-5178D6E44196}.Release|x64.Build.0 = Release|Any CPU
		{4C5080A4-2C16-4845-9B2F-5178D6E44196}.Release|x86.ActiveCfg = Release|Any CPU
		{4C5080A4-2C16-4845-9B2F-5178D6E44196}.Release|x86.Build.0 = Release|Any CPU
	EndGlobalSection
	GlobalSection(SolutionProperties) = preSolution
		HideSolutionNode = FALSE
	EndGlobalSection
	GlobalSection(ExtensibilityGlobals) = postSolution
		SolutionGuid = {B4FBB174-C221-4DE1-8B83-251D9832C271}
	EndGlobalSection
EndGlobal
